
Microsoft Visual Studio Solution File, Format Version 12.00
# Visual Studio 2013
VisualStudioVersion = 12.0.21005.1
MinimumVisualStudioVersion = 10.0.40219.1
Project("{FAE04EC0-301F-11D3-BF4B-00C04F79EFBC}") = "TestScenario", "TestScenario\TestScenario.csproj", "{2E5620CA-428D-434F-882C-322C856C567D}"
EndProject
Project("{FAE04EC0-301F-11D3-BF4B-00C04F79EFBC}") = "EmployeeManagementDriver", "EmployeeManagementDriver\EmployeeManagementDriver.csproj", "{E557C46A-FB43-49F8-A2A9-18DEF284F81F}"
EndProject
Project("{FAE04EC0-301F-11D3-BF4B-00C04F79EFBC}") = "EmployeeManagement", "EmployeeManagement\EmployeeManagement.csproj", "{FC40371C-8A5E-4122-B25C-847F52AE272B}"
EndProject
Global
	GlobalSection(SolutionConfigurationPlatforms) = preSolution
		Debug|Any CPU = Debug|Any CPU
		Release|Any CPU = Release|Any CPU
	EndGlobalSection
	GlobalSection(ProjectConfigurationPlatforms) = postSolution
		{2E5620CA-428D-434F-882C-322C856C567D}.Debug|Any CPU.ActiveCfg = Debug|Any CPU
		{2E5620CA-428D-434F-882C-322C856C567D}.Debug|Any CPU.Build.0 = Debug|Any CPU
		{2E5620CA-428D-434F-882C-322C856C567D}.Release|Any CPU.ActiveCfg = Release|Any CPU
		{2E5620CA-428D-434F-882C-322C856C567D}.Release|Any CPU.Build.0 = Release|Any CPU
		{E557C46A-FB43-49F8-A2A9-18DEF284F81F}.Debug|Any CPU.ActiveCfg = Debug|Any CPU
		{E557C46A-FB43-49F8-A2A9-18DEF284F81F}.Debug|Any CPU.Build.0 = Debug|Any CPU
		{E557C46A-FB43-49F8-A2A9-18DEF284F81F}.Release|Any CPU.ActiveCfg = Release|Any CPU
		{E557C46A-FB43-49F8-A2A9-18DEF284F81F}.Release|Any CPU.Build.0 = Release|Any CPU
		{FC40371C-8A5E-4122-B25C-847F52AE272B}.Debug|Any CPU.ActiveCfg = Debug|Any CPU
		{FC40371C-8A5E-4122-B25C-847F52AE272B}.Debug|Any CPU.Build.0 = Debug|Any CPU
		{FC40371C-8A5E-4122-B25C-847F52AE272B}.Release|Any CPU.ActiveCfg = Release|Any CPU
		{FC40371C-8A5E-4122-B25C-847F52AE272B}.Release|Any CPU.Build.0 = Release|Any CPU
	EndGlobalSection
	GlobalSection(SolutionProperties) = preSolution
		HideSolutionNode = FALSE
	EndGlobalSection
EndGlobal
